
Microsoft Visual Studio Solution File, Format Version 12.00
# Visual Studio Version 17
VisualStudioVersion = 17.8.34309.116
MinimumVisualStudioVersion = 10.0.40219.1
Project("{8BC9CEB8-8B4A-11D0-8D11-00A0C91BC942}") = "cclip", "cclip\cclip.vcxproj", "{3C34486D-6B5F-462C-A929-192E94174009}"
EndProject
Global
	GlobalSection(SolutionConfigurationPlatforms) = preSolution
		Dynamic Library|x64 = Dynamic Library|x64
		Dynamic Library|x86 = Dynamic Library|x86
		Example|x64 = Example|x64
		Example|x86 = Example|x86
		Static Library|x64 = Static Library|x64
		Static Library|x86 = Static Library|x86
	EndGlobalSection
	GlobalSection(ProjectConfigurationPlatforms) = postSolution
		{3C34486D-6B5F-462C-A929-192E94174009}.Dynamic Library|x64.ActiveCfg = Dynamic Library|x64
		{3C34486D-6B5F-462C-A929-192E94174009}.Dynamic Library|x64.Build.0 = Dynamic Library|x64
		{3C34486D-6B5F-462C-A929-192E94174009}.Dynamic Library|x86.ActiveCfg = Dynamic Library|Win32
		{3C34486D-6B5F-462C-A929-192E94174009}.Dynamic Library|x86.Build.0 = Dynamic Library|Win32
		{3C34486D-6B5F-462C-A929-192E94174009}.Example|x64.ActiveCfg = Example|x64
		{3C34486D-6B5F-462C-A929-192E94174009}.Example|x64.Build.0 = Example|x64
		{3C34486D-6B5F-462C-A929-192E94174009}.Example|x86.ActiveCfg = Example|Win32
		{3C34486D-6B5F-462C-A929-192E94174009}.Example|x86.Build.0 = Example|Win32
		{3C34486D-6B5F-462C-A929-192E94174009}.Static Library|x64.ActiveCfg = Static Library|x64
		{3C34486D-6B5F-462C-A929-192E94174009}.Static Library|x64.Build.0 = Static Library|x64
		{3C34486D-6B5F-462C-A929-192E94174009}.Static Library|x86.ActiveCfg = Static Library|Win32
		{3C34486D-6B5F-462C-A929-192E94174009}.Static Library|x86.Build.0 = Static Library|Win32
	EndGlobalSection
	GlobalSection(SolutionProperties) = preSolution
		HideSolutionNode = FALSE
	EndGlobalSection
	GlobalSection(ExtensibilityGlobals) = postSolution
		SolutionGuid = {31D1B2E0-E3C6-4208-BC4D-EDF1715FC5C3}
	EndGlobalSection
EndGlobal
